
Microsoft Visual Studio Solution File, Format Version 9.00
# Visual Studio 2005
Project("{FAE04EC0-301F-11D3-BF4B-00C04F79EFBC}") = "zdbviewcs", "zdbviewcs.csproj", "{896D9147-067D-480F-98EE-12270F006A8A}"
EndProject
Global
	GlobalSection(SolutionConfigurationPlatforms) = preSolution
		Debug|Any CPU = Debug|Any CPU
		Release|Any CPU = Release|Any CPU
	EndGlobalSection
	GlobalSection(ProjectConfigurationPlatforms) = postSolution
		{896D9147-067D-480F-98EE-12270F006A8A}.Debug|Any CPU.ActiveCfg = Debug|Any CPU
		{896D9147-067D-480F-98EE-12270F006A8A}.Debug|Any CPU.Build.0 = Debug|Any CPU
		{896D9147-067D-480F-98EE-12270F006A8A}.Release|Any CPU.ActiveCfg = Release|Any CPU
		{896D9147-067D-480F-98EE-12270F006A8A}.Release|Any CPU.Build.0 = Release|Any CPU
	EndGlobalSection
	GlobalSection(SolutionProperties) = preSolution
		HideSolutionNode = FALSE
	EndGlobalSection
EndGlobal
